# THIS IS AN AUTOGENERATED FILE. DO NOT EDIT THIS FILE DIRECTLY.
# yarn lockfile v1


"@playwright/test@^1.38.0-alpha-aug-11-2023":
  version "1.38.0-alpha-aug-11-2023"
  resolved "https://registry.yarnpkg.com/@playwright/test/-/test-1.38.0-alpha-aug-11-2023.tgz#81f580e3be33cf67cd0329b2cfc073a9a949e77e"
  integrity sha512-X91CWWcJ0nwrHNWpQvQmhDgLaqGESaiqZ1czt0a8LJHX3YkHbg+zgvo7i5Mt3bKYJE26EcCBAUAr0DcMqmJYTA==
  dependencies:
    "@types/node" "*"
    playwright-core "1.38.0-alpha-aug-11-2023"
  optionalDependencies:
    fsevents "2.3.2"

"@types/node@*":
  version "20.4.9"
  resolved "https://registry.yarnpkg.com/@types/node/-/node-20.4.9.tgz#c7164e0f8d3f12dfae336af0b1f7fdec8c6b204f"
  integrity sha512-8e2HYcg7ohnTUbHk8focoklEQYvemQmu9M/f43DZVx43kHn0tE3BY/6gSDxS7k0SprtS0NHvj+L80cGLnoOUcQ==

fsevents@2.3.2:
  version "2.3.2"
  resolved "https://registry.yarnpkg.com/fsevents/-/fsevents-2.3.2.tgz#8a526f78b8fdf4623b709e0b975c52c24c02fd1a"
  integrity sha512-xiqMQR4xAeHTuB9uWm+fFRcIOgKBMiOBP+eXiyT7jsgVCq1bkVygt00oASowB7EdtpOHaaPgKt812P9ab+DDKA==

playwright-core@1.38.0-alpha-aug-11-2023:
  version "1.38.0-alpha-aug-11-2023"
  resolved "https://registry.yarnpkg.com/playwright-core/-/playwright-core-1.38.0-alpha-aug-11-2023.tgz#c2f9216887d60fed7c06c4c1c0b83d31553236b9"
  integrity sha512-Q17hJnAayZdUEr6ocAwbcl2ESxOAFDFXbY1TSrvKMGAawzIyLX0JOZJwihnUScofoRXAWiGHa+B5LShqhtpu2Q==
